
Microsoft Visual Studio Solution File, Format Version 12.00
# Visual Studio Version 16
VisualStudioVersion = 16.0.30523.141
MinimumVisualStudioVersion = 10.0.40219.1
Project("{FAE04EC0-301F-11D3-BF4B-00C04F79EFBC}") = "ClassRoom", "ClassRoom\ClassRoom.csproj", "{8824E938-3DED-4B12-9A09-6D7DFFE53B70}"
EndProject
Global
	GlobalSection(SolutionConfigurationPlatforms) = preSolution
		Debug|Any CPU = Debug|Any CPU
		Release|Any CPU = Release|Any CPU
	EndGlobalSection
	GlobalSection(ProjectConfigurationPlatforms) = postSolution
		{8824E938-3DED-4B12-9A09-6D7DFFE53B70}.Debug|Any CPU.ActiveCfg = Debug|Any CPU
		{8824E938-3DED-4B12-9A09-6D7DFFE53B70}.Debug|Any CPU.Build.0 = Debug|Any CPU
		{8824E938-3DED-4B12-9A09-6D7DFFE53B70}.Release|Any CPU.ActiveCfg = Release|Any CPU
		{8824E938-3DED-4B12-9A09-6D7DFFE53B70}.Release|Any CPU.Build.0 = Release|Any CPU
	EndGlobalSection
	GlobalSection(SolutionProperties) = preSolution
		HideSolutionNode = FALSE
	EndGlobalSection
	GlobalSection(ExtensibilityGlobals) = postSolution
		SolutionGuid = {2DF49C2C-C323-4DFC-BABC-2B0AF6B4C6E3}
	EndGlobalSection
EndGlobal
